
Microsoft Visual Studio Solution File, Format Version 12.00
# Visual Studio 15
VisualStudioVersion = 15.0.28307.271
MinimumVisualStudioVersion = 10.0.40219.1
Project("{FAE04EC0-301F-11D3-BF4B-00C04F79EFBC}") = "TeknikServisci.Web", "TeknikServisci\TeknikServisci.Web.csproj", "{CAA2CA96-8F9E-4494-BE51-0C791F996F44}"
EndProject
Project("{2150E333-8FDC-42A3-9474-1A3956D46DE8}") = "Proje", "Proje", "{3C0ED44E-D811-4862-B3E6-9965128164F5}"
EndProject
Project("{2150E333-8FDC-42A3-9474-1A3956D46DE8}") = "Tema", "Tema", "{054951F6-3973-4788-AEBB-C6470DB688C4}"
EndProject
Project("{FAE04EC0-301F-11D3-BF4B-00C04F79EFBC}") = "TeknikServisci.Tema", "TeknikServisci.Tema\TeknikServisci.Tema.csproj", "{8841E42A-8A1C-44A1-B676-479BF4A7DF2F}"
EndProject
Global
	GlobalSection(SolutionConfigurationPlatforms) = preSolution
		Debug|Any CPU = Debug|Any CPU
		Release|Any CPU = Release|Any CPU
	EndGlobalSection
	GlobalSection(ProjectConfigurationPlatforms) = postSolution
		{CAA2CA96-8F9E-4494-BE51-0C791F996F44}.Debug|Any CPU.ActiveCfg = Debug|Any CPU
		{CAA2CA96-8F9E-4494-BE51-0C791F996F44}.Debug|Any CPU.Build.0 = Debug|Any CPU
		{CAA2CA96-8F9E-4494-BE51-0C791F996F44}.Release|Any CPU.ActiveCfg = Release|Any CPU
		{CAA2CA96-8F9E-4494-BE51-0C791F996F44}.Release|Any CPU.Build.0 = Release|Any CPU
		{8841E42A-8A1C-44A1-B676-479BF4A7DF2F}.Debug|Any CPU.ActiveCfg = Debug|Any CPU
		{8841E42A-8A1C-44A1-B676-479BF4A7DF2F}.Debug|Any CPU.Build.0 = Debug|Any CPU
		{8841E42A-8A1C-44A1-B676-479BF4A7DF2F}.Release|Any CPU.ActiveCfg = Release|Any CPU
		{8841E42A-8A1C-44A1-B676-479BF4A7DF2F}.Release|Any CPU.Build.0 = Release|Any CPU
	EndGlobalSection
	GlobalSection(SolutionProperties) = preSolution
		HideSolutionNode = FALSE
	EndGlobalSection
	GlobalSection(NestedProjects) = preSolution
		{CAA2CA96-8F9E-4494-BE51-0C791F996F44} = {3C0ED44E-D811-4862-B3E6-9965128164F5}
		{8841E42A-8A1C-44A1-B676-479BF4A7DF2F} = {054951F6-3973-4788-AEBB-C6470DB688C4}
	EndGlobalSection
	GlobalSection(ExtensibilityGlobals) = postSolution
		SolutionGuid = {55B4B8E7-4EE5-41A6-9E44-D2B6CF8CD649}
	EndGlobalSection
EndGlobal
