
Microsoft Visual Studio Solution File, Format Version 12.00
# Visual Studio 15
VisualStudioVersion = 15.0.28307.271
MinimumVisualStudioVersion = 10.0.40219.1
Project("{FAE04EC0-301F-11D3-BF4B-00C04F79EFBC}") = "TeknikServisci", "TeknikServisci\TeknikServisci.csproj", "{CAA2CA96-8F9E-4494-BE51-0C791F996F44}"
EndProject
Global
	GlobalSection(SolutionConfigurationPlatforms) = preSolution
		Debug|Any CPU = Debug|Any CPU
		Release|Any CPU = Release|Any CPU
	EndGlobalSection
	GlobalSection(ProjectConfigurationPlatforms) = postSolution
		{CAA2CA96-8F9E-4494-BE51-0C791F996F44}.Debug|Any CPU.ActiveCfg = Debug|Any CPU
		{CAA2CA96-8F9E-4494-BE51-0C791F996F44}.Debug|Any CPU.Build.0 = Debug|Any CPU
		{CAA2CA96-8F9E-4494-BE51-0C791F996F44}.Release|Any CPU.ActiveCfg = Release|Any CPU
		{CAA2CA96-8F9E-4494-BE51-0C791F996F44}.Release|Any CPU.Build.0 = Release|Any CPU
	EndGlobalSection
	GlobalSection(SolutionProperties) = preSolution
		HideSolutionNode = FALSE
	EndGlobalSection
	GlobalSection(ExtensibilityGlobals) = postSolution
		SolutionGuid = {55B4B8E7-4EE5-41A6-9E44-D2B6CF8CD649}
	EndGlobalSection
EndGlobal
